
Microsoft Visual Studio Solution File, Format Version 12.00
Project("{FAE04EC0-301F-11D3-BF4B-00C04F79EFBC}") = "UseValueStringBuilder", "UseValueStringBuilder\UseValueStringBuilder.csproj", "{FF08B1DB-360F-4603-A568-D469B0824884}"
EndProject
Global
	GlobalSection(SolutionConfigurationPlatforms) = preSolution
		Debug|Any CPU = Debug|Any CPU
		Release|Any CPU = Release|Any CPU
	EndGlobalSection
	GlobalSection(ProjectConfigurationPlatforms) = postSolution
		{FF08B1DB-360F-4603-A568-D469B0824884}.Debug|Any CPU.ActiveCfg = Debug|Any CPU
		{FF08B1DB-360F-4603-A568-D469B0824884}.Debug|Any CPU.Build.0 = Debug|Any CPU
		{FF08B1DB-360F-4603-A568-D469B0824884}.Release|Any CPU.ActiveCfg = Release|Any CPU
		{FF08B1DB-360F-4603-A568-D469B0824884}.Release|Any CPU.Build.0 = Release|Any CPU
	EndGlobalSection
EndGlobal
